// !$*UTF8*$!
{
	archiveVersion = 1;
	classes = {
	};
	objectVersion = 46;
	objects = {

/* Begin PBXBuildFile section */
		0CB8C04B1D913E00002BC3EF /* RNDFPBannerView.m in Sources */ = {isa = PBXBuildFile; fileRef = 0CB8C04A1D913E00002BC3EF /* RNDFPBannerView.m */; };
		0CB8C04E1D9143A6002BC3EF /* RNDFPBannerViewManager.m in Sources */ = {isa = PBXBuildFile; fileRef = 0CB8C04D1D9143A6002BC3EF /* RNDFPBannerViewManager.m */; };
		2568961B2343504500C1F945 /* libReact.a in Frameworks */ = {isa = PBXBuildFile; fileRef = 256895FC2343502600C1F945 /* libReact.a */; };
		5E2419841FE11E0F00C6B738 /* RNAdMobUtils.m in Sources */ = {isa = PBXBuildFile; fileRef = 5E2419831FE11E0F00C6B738 /* RNAdMobUtils.m */; };
		5E86A6471F126FCE008013EB /* RCTConvert+GADAdSize.m in Sources */ = {isa = PBXBuildFile; fileRef = 5E86A6461F126FCE008013EB /* RCTConvert+GADAdSize.m */; };
		A90F2F8C1D50AEF200F2A2E3 /* RNAdMobRewarded.m in Sources */ = {isa = PBXBuildFile; fileRef = A90F2F8B1D50AEF200F2A2E3 /* RNAdMobRewarded.m */; };
		A962C2531CB27DBD00E508A1 /* RNAdMobInterstitial.m in Sources */ = {isa = PBXBuildFile; fileRef = A962C2521CB27DBD00E508A1 /* RNAdMobInterstitial.m */; };
		A96DA7841C146DA600FC639B /* RNGADBannerView.m in Sources */ = {isa = PBXBuildFile; fileRef = A96DA7811C146DA600FC639B /* RNGADBannerView.m */; };
		A96DA7851C146DA600FC639B /* RNGADBannerViewManager.m in Sources */ = {isa = PBXBuildFile; fileRef = A96DA7831C146DA600FC639B /* RNGADBannerViewManager.m */; };
/* End PBXBuildFile section */

/* Begin PBXContainerItemProxy section */
		256895FB2343502600C1F945 /* PBXContainerItemProxy */ = {
			isa = PBXContainerItemProxy;
			containerPortal = 256895E82343502500C1F945 /* React.xcodeproj */;
			proxyType = 2;
			remoteGlobalIDString = 83CBBA2E1A601D0E00E9B192;
			remoteInfo = React;
		};
		256895FD2343502600C1F945 /* PBXContainerItemProxy */ = {
			isa = PBXContainerItemProxy;
			containerPortal = 256895E82343502500C1F945 /* React.xcodeproj */;
			proxyType = 2;
			remoteGlobalIDString = 2D2A28131D9B038B00D4039D;
			remoteInfo = "React-tvOS";
		};
		256895FF2343502600C1F945 /* PBXContainerItemProxy */ = {
			isa = PBXContainerItemProxy;
			containerPortal = 256895E82343502500C1F945 /* React.xcodeproj */;
			proxyType = 2;
			remoteGlobalIDString = 3D3C059A1DE3340900C268FA;
			remoteInfo = yoga;
		};
		256896012343502600C1F945 /* PBXContainerItemProxy */ = {
			isa = PBXContainerItemProxy;
			containerPortal = 256895E82343502500C1F945 /* React.xcodeproj */;
			proxyType = 2;
			remoteGlobalIDString = 3D3C06751DE3340C00C268FA;
			remoteInfo = "yoga-tvOS";
		};
		256896032343502600C1F945 /* PBXContainerItemProxy */ = {
			isa = PBXContainerItemProxy;
			containerPortal = 256895E82343502500C1F945 /* React.xcodeproj */;
			proxyType = 2;
			remoteGlobalIDString = 3D3CD9251DE5FBEC00167DC4;
			remoteInfo = cxxreact;
		};
		256896052343502600C1F945 /* PBXContainerItemProxy */ = {
			isa = PBXContainerItemProxy;
			containerPortal = 256895E82343502500C1F945 /* React.xcodeproj */;
			proxyType = 2;
			remoteGlobalIDString = 3D3CD9321DE5FBEE00167DC4;
			remoteInfo = "cxxreact-tvOS";
		};
		256896072343502600C1F945 /* PBXContainerItemProxy */ = {
			isa = PBXContainerItemProxy;
			containerPortal = 256895E82343502500C1F945 /* React.xcodeproj */;
			proxyType = 2;
			remoteGlobalIDString = EBF21BDC1FC498900052F4D5;
			remoteInfo = jsinspector;
		};
		256896092343502600C1F945 /* PBXContainerItemProxy */ = {
			isa = PBXContainerItemProxy;
			containerPortal = 256895E82343502500C1F945 /* React.xcodeproj */;
			proxyType = 2;
			remoteGlobalIDString = EBF21BFA1FC4989A0052F4D5;
			remoteInfo = "jsinspector-tvOS";
		};
		2568960B2343502600C1F945 /* PBXContainerItemProxy */ = {
			isa = PBXContainerItemProxy;
			containerPortal = 256895E82343502500C1F945 /* React.xcodeproj */;
			proxyType = 2;
			remoteGlobalIDString = 139D7ECE1E25DB7D00323FB7;
			remoteInfo = "third-party";
		};
		2568960D2343502600C1F945 /* PBXContainerItemProxy */ = {
			isa = PBXContainerItemProxy;
			containerPortal = 256895E82343502500C1F945 /* React.xcodeproj */;
			proxyType = 2;
			remoteGlobalIDString = 3D383D3C1EBD27B6005632C8;
			remoteInfo = "third-party-tvOS";
		};
		2568960F2343502600C1F945 /* PBXContainerItemProxy */ = {
			isa = PBXContainerItemProxy;
			containerPortal = 256895E82343502500C1F945 /* React.xcodeproj */;
			proxyType = 2;
			remoteGlobalIDString = 139D7E881E25C6D100323FB7;
			remoteInfo = "double-conversion";
		};
		256896112343502600C1F945 /* PBXContainerItemProxy */ = {
			isa = PBXContainerItemProxy;
			containerPortal = 256895E82343502500C1F945 /* React.xcodeproj */;
			proxyType = 2;
			remoteGlobalIDString = 3D383D621EBD27B9005632C8;
			remoteInfo = "double-conversion-tvOS";
		};
		256896132343502600C1F945 /* PBXContainerItemProxy */ = {
			isa = PBXContainerItemProxy;
			containerPortal = 256895E82343502500C1F945 /* React.xcodeproj */;
			proxyType = 2;
			remoteGlobalIDString = EDEBC6D6214B3E7000DD5AC8;
			remoteInfo = jsi;
		};
		256896152343502600C1F945 /* PBXContainerItemProxy */ = {
			isa = PBXContainerItemProxy;
			containerPortal = 256895E82343502500C1F945 /* React.xcodeproj */;
			proxyType = 2;
			remoteGlobalIDString = EDEBC73B214B45A300DD5AC8;
			remoteInfo = jsiexecutor;
		};
		256896172343502600C1F945 /* PBXContainerItemProxy */ = {
			isa = PBXContainerItemProxy;
			containerPortal = 256895E82343502500C1F945 /* React.xcodeproj */;
			proxyType = 2;
			remoteGlobalIDString = ED296FB6214C9A0900B7C4FE;
			remoteInfo = "jsi-tvOS";
		};
		256896192343502600C1F945 /* PBXContainerItemProxy */ = {
			isa = PBXContainerItemProxy;
			containerPortal = 256895E82343502500C1F945 /* React.xcodeproj */;
			proxyType = 2;
			remoteGlobalIDString = ED296FEE214C9CF800B7C4FE;
			remoteInfo = "jsiexecutor-tvOS";
		};
/* End PBXContainerItemProxy section */

/* Begin PBXCopyFilesBuildPhase section */
		A96DA7721C146D7200FC639B /* CopyFiles */ = {
			isa = PBXCopyFilesBuildPhase;
			buildActionMask = 2147483647;
			dstPath = "include/$(PRODUCT_NAME)";
			dstSubfolderSpec = 16;
			files = (
			);
			runOnlyForDeploymentPostprocessing = 0;
		};
/* End PBXCopyFilesBuildPhase section */

/* Begin PBXFileReference section */
		0CB8C0491D913E00002BC3EF /* RNDFPBannerView.h */ = {isa = PBXFileReference; fileEncoding = 4; lastKnownFileType = sourcecode.c.h; path = RNDFPBannerView.h; sourceTree = SOURCE_ROOT; };
		0CB8C04A1D913E00002BC3EF /* RNDFPBannerView.m */ = {isa = PBXFileReference; fileEncoding = 4; lastKnownFileType = sourcecode.c.objc; path = RNDFPBannerView.m; sourceTree = SOURCE_ROOT; };
		0CB8C04C1D9143A6002BC3EF /* RNDFPBannerViewManager.h */ = {isa = PBXFileReference; fileEncoding = 4; lastKnownFileType = sourcecode.c.h; path = RNDFPBannerViewManager.h; sourceTree = SOURCE_ROOT; };
		0CB8C04D1D9143A6002BC3EF /* RNDFPBannerViewManager.m */ = {isa = PBXFileReference; fileEncoding = 4; lastKnownFileType = sourcecode.c.objc; path = RNDFPBannerViewManager.m; sourceTree = SOURCE_ROOT; };
		256895E82343502500C1F945 /* React.xcodeproj */ = {isa = PBXFileReference; lastKnownFileType = "wrapper.pb-project"; name = React.xcodeproj; path = "../node_modules/react-native/React/React.xcodeproj"; sourceTree = "<group>"; };
		5E2419831FE11E0F00C6B738 /* RNAdMobUtils.m */ = {isa = PBXFileReference; lastKnownFileType = sourcecode.c.objc; path = RNAdMobUtils.m; sourceTree = SOURCE_ROOT; };
		5E2419851FE11F1200C6B738 /* RNAdMobUtils.h */ = {isa = PBXFileReference; lastKnownFileType = sourcecode.c.h; path = RNAdMobUtils.h; sourceTree = SOURCE_ROOT; };
		5E86A6451F126FCE008013EB /* RCTConvert+GADAdSize.h */ = {isa = PBXFileReference; fileEncoding = 4; lastKnownFileType = sourcecode.c.h; path = "RCTConvert+GADAdSize.h"; sourceTree = SOURCE_ROOT; };
		5E86A6461F126FCE008013EB /* RCTConvert+GADAdSize.m */ = {isa = PBXFileReference; fileEncoding = 4; lastKnownFileType = sourcecode.c.objc; path = "RCTConvert+GADAdSize.m"; sourceTree = SOURCE_ROOT; };
		A90F2F8A1D50AEF200F2A2E3 /* RNAdMobRewarded.h */ = {isa = PBXFileReference; fileEncoding = 4; lastKnownFileType = sourcecode.c.h; path = RNAdMobRewarded.h; sourceTree = SOURCE_ROOT; };
		A90F2F8B1D50AEF200F2A2E3 /* RNAdMobRewarded.m */ = {isa = PBXFileReference; fileEncoding = 4; lastKnownFileType = sourcecode.c.objc; path = RNAdMobRewarded.m; sourceTree = SOURCE_ROOT; };
		A962C2511CB27DBD00E508A1 /* RNAdMobInterstitial.h */ = {isa = PBXFileReference; fileEncoding = 4; lastKnownFileType = sourcecode.c.h; path = RNAdMobInterstitial.h; sourceTree = SOURCE_ROOT; };
		A962C2521CB27DBD00E508A1 /* RNAdMobInterstitial.m */ = {isa = PBXFileReference; fileEncoding = 4; indentWidth = 4; lastKnownFileType = sourcecode.c.objc; path = RNAdMobInterstitial.m; sourceTree = SOURCE_ROOT; };
		A96DA7741C146D7200FC639B /* libRNAdMobManager.a */ = {isa = PBXFileReference; explicitFileType = archive.ar; includeInIndex = 0; path = libRNAdMobManager.a; sourceTree = BUILT_PRODUCTS_DIR; };
		A96DA7801C146DA600FC639B /* RNGADBannerView.h */ = {isa = PBXFileReference; fileEncoding = 4; lastKnownFileType = sourcecode.c.h; path = RNGADBannerView.h; sourceTree = SOURCE_ROOT; };
		A96DA7811C146DA600FC639B /* RNGADBannerView.m */ = {isa = PBXFileReference; fileEncoding = 4; lastKnownFileType = sourcecode.c.objc; path = RNGADBannerView.m; sourceTree = SOURCE_ROOT; };
		A96DA7821C146DA600FC639B /* RNGADBannerViewManager.h */ = {isa = PBXFileReference; fileEncoding = 4; lastKnownFileType = sourcecode.c.h; path = RNGADBannerViewManager.h; sourceTree = SOURCE_ROOT; };
		A96DA7831C146DA600FC639B /* RNGADBannerViewManager.m */ = {isa = PBXFileReference; fileEncoding = 4; lastKnownFileType = sourcecode.c.objc; path = RNGADBannerViewManager.m; sourceTree = SOURCE_ROOT; };
/* End PBXFileReference section */

/* Begin PBXFrameworksBuildPhase section */
		A96DA7711C146D7200FC639B /* Frameworks */ = {
			isa = PBXFrameworksBuildPhase;
			buildActionMask = 2147483647;
			files = (
				2568961B2343504500C1F945 /* libReact.a in Frameworks */,
			);
			runOnlyForDeploymentPostprocessing = 0;
		};
/* End PBXFrameworksBuildPhase section */

/* Begin PBXGroup section */
		256895E72343502500C1F945 /* Frameworks */ = {
			isa = PBXGroup;
			children = (
				256895E82343502500C1F945 /* React.xcodeproj */,
			);
			name = Frameworks;
			sourceTree = "<group>";
		};
		256895E92343502500C1F945 /* Products */ = {
			isa = PBXGroup;
			children = (
				256895FC2343502600C1F945 /* libReact.a */,
				256895FE2343502600C1F945 /* libReact.a */,
				256896002343502600C1F945 /* libyoga.a */,
				256896022343502600C1F945 /* libyoga.a */,
				256896042343502600C1F945 /* libcxxreact.a */,
				256896062343502600C1F945 /* libcxxreact.a */,
				256896082343502600C1F945 /* libjsinspector.a */,
				2568960A2343502600C1F945 /* libjsinspector-tvOS.a */,
				2568960C2343502600C1F945 /* libthird-party.a */,
				2568960E2343502600C1F945 /* libthird-party.a */,
				256896102343502600C1F945 /* libdouble-conversion.a */,
				256896122343502600C1F945 /* libdouble-conversion.a */,
				256896142343502600C1F945 /* libjsi.a */,
				256896162343502600C1F945 /* libjsiexecutor.a */,
				256896182343502600C1F945 /* libjsi-tvOS.a */,
				2568961A2343502600C1F945 /* libjsiexecutor-tvOS.a */,
			);
			name = Products;
			sourceTree = "<group>";
		};
		A96DA76B1C146D7200FC639B = {
			isa = PBXGroup;
			children = (
				A96DA7761C146D7200FC639B /* RNAdMobManager */,
				A96DA7751C146D7200FC639B /* Products */,
				256895E72343502500C1F945 /* Frameworks */,
			);
			sourceTree = "<group>";
		};
		A96DA7751C146D7200FC639B /* Products */ = {
			isa = PBXGroup;
			children = (
				A96DA7741C146D7200FC639B /* libRNAdMobManager.a */,
			);
			name = Products;
			sourceTree = "<group>";
		};
		A96DA7761C146D7200FC639B /* RNAdMobManager */ = {
			isa = PBXGroup;
			children = (
				0CB8C04C1D9143A6002BC3EF /* RNDFPBannerViewManager.h */,
				0CB8C04D1D9143A6002BC3EF /* RNDFPBannerViewManager.m */,
				A96DA7801C146DA600FC639B /* RNGADBannerView.h */,
				A96DA7811C146DA600FC639B /* RNGADBannerView.m */,
				A96DA7821C146DA600FC639B /* RNGADBannerViewManager.h */,
				A96DA7831C146DA600FC639B /* RNGADBannerViewManager.m */,
				A962C2511CB27DBD00E508A1 /* RNAdMobInterstitial.h */,
				A962C2521CB27DBD00E508A1 /* RNAdMobInterstitial.m */,
				0CB8C0491D913E00002BC3EF /* RNDFPBannerView.h */,
				0CB8C04A1D913E00002BC3EF /* RNDFPBannerView.m */,
				5E2419831FE11E0F00C6B738 /* RNAdMobUtils.m */,
				5E2419851FE11F1200C6B738 /* RNAdMobUtils.h */,
				A90F2F8A1D50AEF200F2A2E3 /* RNAdMobRewarded.h */,
				A90F2F8B1D50AEF200F2A2E3 /* RNAdMobRewarded.m */,
				5E86A6451F126FCE008013EB /* RCTConvert+GADAdSize.h */,
				5E86A6461F126FCE008013EB /* RCTConvert+GADAdSize.m */,
			);
			path = RNAdMobManager;
			sourceTree = "<group>";
		};
/* End PBXGroup section */

/* Begin PBXNativeTarget section */
		A96DA7731C146D7200FC639B /* RNAdMobManager */ = {
			isa = PBXNativeTarget;
			buildConfigurationList = A96DA77D1C146D7200FC639B /* Build configuration list for PBXNativeTarget "RNAdMobManager" */;
			buildPhases = (
				A96DA7701C146D7200FC639B /* Sources */,
				A96DA7711C146D7200FC639B /* Frameworks */,
				A96DA7721C146D7200FC639B /* CopyFiles */,
			);
			buildRules = (
			);
			dependencies = (
			);
			name = RNAdMobManager;
			productName = RNAdMobManager;
			productReference = A96DA7741C146D7200FC639B /* libRNAdMobManager.a */;
			productType = "com.apple.product-type.library.static";
		};
/* End PBXNativeTarget section */

/* Begin PBXProject section */
		A96DA76C1C146D7200FC639B /* Project object */ = {
			isa = PBXProject;
			attributes = {
				LastUpgradeCheck = 0710;
				ORGANIZATIONNAME = accosine;
				TargetAttributes = {
					A96DA7731C146D7200FC639B = {
						CreatedOnToolsVersion = 7.1;
						DevelopmentTeam = BMF2ZL32LL;
					};
				};
			};
			buildConfigurationList = A96DA76F1C146D7200FC639B /* Build configuration list for PBXProject "RNAdMobManager" */;
			compatibilityVersion = "Xcode 3.2";
			developmentRegion = English;
			hasScannedForEncodings = 0;
			knownRegions = (
				English,
				en,
			);
			mainGroup = A96DA76B1C146D7200FC639B;
			productRefGroup = A96DA7751C146D7200FC639B /* Products */;
			projectDirPath = "";
			projectReferences = (
				{
					ProductGroup = 256895E92343502500C1F945 /* Products */;
					ProjectRef = 256895E82343502500C1F945 /* React.xcodeproj */;
				},
			);
			projectRoot = "";
			targets = (
				A96DA7731C146D7200FC639B /* RNAdMobManager */,
			);
		};
/* End PBXProject section */

/* Begin PBXReferenceProxy section */
		256895FC2343502600C1F945 /* libReact.a */ = {
			isa = PBXReferenceProxy;
			fileType = archive.ar;
			path = libReact.a;
			remoteRef = 256895FB2343502600C1F945 /* PBXContainerItemProxy */;
			sourceTree = BUILT_PRODUCTS_DIR;
		};
		256895FE2343502600C1F945 /* libReact.a */ = {
			isa = PBXReferenceProxy;
			fileType = archive.ar;
			path = libReact.a;
			remoteRef = 256895FD2343502600C1F945 /* PBXContainerItemProxy */;
			sourceTree = BUILT_PRODUCTS_DIR;
		};
		256896002343502600C1F945 /* libyoga.a */ = {
			isa = PBXReferenceProxy;
			fileType = archive.ar;
			path = libyoga.a;
			remoteRef = 256895FF2343502600C1F945 /* PBXContainerItemProxy */;
			sourceTree = BUILT_PRODUCTS_DIR;
		};
		256896022343502600C1F945 /* libyoga.a */ = {
			isa = PBXReferenceProxy;
			fileType = archive.ar;
			path = libyoga.a;
			remoteRef = 256896012343502600C1F945 /* PBXContainerItemProxy */;
			sourceTree = BUILT_PRODUCTS_DIR;
		};
		256896042343502600C1F945 /* libcxxreact.a */ = {
			isa = PBXReferenceProxy;
			fileType = archive.ar;
			path = libcxxreact.a;
			remoteRef = 256896032343502600C1F945 /* PBXContainerItemProxy */;
			sourceTree = BUILT_PRODUCTS_DIR;
		};
		256896062343502600C1F945 /* libcxxreact.a */ = {
			isa = PBXReferenceProxy;
			fileType = archive.ar;
			path = libcxxreact.a;
			remoteRef = 256896052343502600C1F945 /* PBXContainerItemProxy */;
			sourceTree = BUILT_PRODUCTS_DIR;
		};
		256896082343502600C1F945 /* libjsinspector.a */ = {
			isa = PBXReferenceProxy;
			fileType = archive.ar;
			path = libjsinspector.a;
			remoteRef = 256896072343502600C1F945 /* PBXContainerItemProxy */;
			sourceTree = BUILT_PRODUCTS_DIR;
		};
		2568960A2343502600C1F945 /* libjsinspector-tvOS.a */ = {
			isa = PBXReferenceProxy;
			fileType = archive.ar;
			path = "libjsinspector-tvOS.a";
			remoteRef = 256896092343502600C1F945 /* PBXContainerItemProxy */;
			sourceTree = BUILT_PRODUCTS_DIR;
		};
		2568960C2343502600C1F945 /* libthird-party.a */ = {
			isa = PBXReferenceProxy;
			fileType = archive.ar;
			path = "libthird-party.a";
			remoteRef = 2568960B2343502600C1F945 /* PBXContainerItemProxy */;
			sourceTree = BUILT_PRODUCTS_DIR;
		};
		2568960E2343502600C1F945 /* libthird-party.a */ = {
			isa = PBXReferenceProxy;
			fileType = archive.ar;
			path = "libthird-party.a";
			remoteRef = 2568960D2343502600C1F945 /* PBXContainerItemProxy */;
			sourceTree = BUILT_PRODUCTS_DIR;
		};
		256896102343502600C1F945 /* libdouble-conversion.a */ = {
			isa = PBXReferenceProxy;
			fileType = archive.ar;
			path = "libdouble-conversion.a";
			remoteRef = 2568960F2343502600C1F945 /* PBXContainerItemProxy */;
			sourceTree = BUILT_PRODUCTS_DIR;
		};
		256896122343502600C1F945 /* libdouble-conversion.a */ = {
			isa = PBXReferenceProxy;
			fileType = archive.ar;
			path = "libdouble-conversion.a";
			remoteRef = 256896112343502600C1F945 /* PBXContainerItemProxy */;
			sourceTree = BUILT_PRODUCTS_DIR;
		};
		256896142343502600C1F945 /* libjsi.a */ = {
			isa = PBXReferenceProxy;
			fileType = archive.ar;
			path = libjsi.a;
			remoteRef = 256896132343502600C1F945 /* PBXContainerItemProxy */;
			sourceTree = BUILT_PRODUCTS_DIR;
		};
		256896162343502600C1F945 /* libjsiexecutor.a */ = {
			isa = PBXReferenceProxy;
			fileType = archive.ar;
			path = libjsiexecutor.a;
			remoteRef = 256896152343502600C1F945 /* PBXContainerItemProxy */;
			sourceTree = BUILT_PRODUCTS_DIR;
		};
		256896182343502600C1F945 /* libjsi-tvOS.a */ = {
			isa = PBXReferenceProxy;
			fileType = archive.ar;
			path = "libjsi-tvOS.a";
			remoteRef = 256896172343502600C1F945 /* PBXContainerItemProxy */;
			sourceTree = BUILT_PRODUCTS_DIR;
		};
		2568961A2343502600C1F945 /* libjsiexecutor-tvOS.a */ = {
			isa = PBXReferenceProxy;
			fileType = archive.ar;
			path = "libjsiexecutor-tvOS.a";
			remoteRef = 256896192343502600C1F945 /* PBXContainerItemProxy */;
			sourceTree = BUILT_PRODUCTS_DIR;
		};
/* End PBXReferenceProxy section */

/* Begin PBXSourcesBuildPhase section */
		A96DA7701C146D7200FC639B /* Sources */ = {
			isa = PBXSourcesBuildPhase;
			buildActionMask = 2147483647;
			files = (
				A962C2531CB27DBD00E508A1 /* RNAdMobInterstitial.m in Sources */,
				0CB8C04B1D913E00002BC3EF /* RNDFPBannerView.m in Sources */,
				A90F2F8C1D50AEF200F2A2E3 /* RNAdMobRewarded.m in Sources */,
				A96DA7841C146DA600FC639B /* RNGADBannerView.m in Sources */,
				A96DA7851C146DA600FC639B /* RNGADBannerViewManager.m in Sources */,
				5E2419841FE11E0F00C6B738 /* RNAdMobUtils.m in Sources */,
				5E86A6471F126FCE008013EB /* RCTConvert+GADAdSize.m in Sources */,
				0CB8C04E1D9143A6002BC3EF /* RNDFPBannerViewManager.m in Sources */,
			);
			runOnlyForDeploymentPostprocessing = 0;
		};
/* End PBXSourcesBuildPhase section */

/* Begin XCBuildConfiguration section */
		A96DA77B1C146D7200FC639B /* Debug */ = {
			isa = XCBuildConfiguration;
			buildSettings = {
				ALWAYS_SEARCH_USER_PATHS = NO;
				CLANG_CXX_LANGUAGE_STANDARD = "gnu++0x";
				CLANG_CXX_LIBRARY = "libc++";
				CLANG_ENABLE_MODULES = YES;
				CLANG_ENABLE_OBJC_ARC = YES;
				CLANG_WARN_BOOL_CONVERSION = YES;
				CLANG_WARN_CONSTANT_CONVERSION = YES;
				CLANG_WARN_DIRECT_OBJC_ISA_USAGE = YES_ERROR;
				CLANG_WARN_EMPTY_BODY = YES;
				CLANG_WARN_ENUM_CONVERSION = YES;
				CLANG_WARN_INT_CONVERSION = YES;
				CLANG_WARN_OBJC_ROOT_CLASS = YES_ERROR;
				CLANG_WARN_UNREACHABLE_CODE = YES;
				CLANG_WARN__DUPLICATE_METHOD_MATCH = YES;
				"CODE_SIGN_IDENTITY[sdk=iphoneos*]" = "iPhone Developer";
				COPY_PHASE_STRIP = NO;
				DEBUG_INFORMATION_FORMAT = dwarf;
				ENABLE_STRICT_OBJC_MSGSEND = YES;
				ENABLE_TESTABILITY = YES;
				GCC_C_LANGUAGE_STANDARD = gnu99;
				GCC_DYNAMIC_NO_PIC = NO;
				GCC_NO_COMMON_BLOCKS = YES;
				GCC_OPTIMIZATION_LEVEL = 0;
				GCC_PREPROCESSOR_DEFINITIONS = (
					"DEBUG=1",
					"$(inherited)",
				);
				GCC_WARN_64_TO_32_BIT_CONVERSION = YES;
				GCC_WARN_ABOUT_RETURN_TYPE = YES_ERROR;
				GCC_WARN_UNDECLARED_SELECTOR = YES;
				GCC_WARN_UNINITIALIZED_AUTOS = YES_AGGRESSIVE;
				GCC_WARN_UNUSED_FUNCTION = YES;
				GCC_WARN_UNUSED_VARIABLE = YES;
				IPHONEOS_DEPLOYMENT_TARGET = 8.0;
				MTL_ENABLE_DEBUG_INFO = YES;
				ONLY_ACTIVE_ARCH = YES;
				SDKROOT = iphoneos;
			};
			name = Debug;
		};
		A96DA77C1C146D7200FC639B /* Release */ = {
			isa = XCBuildConfiguration;
			buildSettings = {
				ALWAYS_SEARCH_USER_PATHS = NO;
				CLANG_CXX_LANGUAGE_STANDARD = "gnu++0x";
				CLANG_CXX_LIBRARY = "libc++";
				CLANG_ENABLE_MODULES = YES;
				CLANG_ENABLE_OBJC_ARC = YES;
				CLANG_WARN_BOOL_CONVERSION = YES;
				CLANG_WARN_CONSTANT_CONVERSION = YES;
				CLANG_WARN_DIRECT_OBJC_ISA_USAGE = YES_ERROR;
				CLANG_WARN_EMPTY_BODY = YES;
				CLANG_WARN_ENUM_CONVERSION = YES;
				CLANG_WARN_INT_CONVERSION = YES;
				CLANG_WARN_OBJC_ROOT_CLASS = YES_ERROR;
				CLANG_WARN_UNREACHABLE_CODE = YES;
				CLANG_WARN__DUPLICATE_METHOD_MATCH = YES;
				"CODE_SIGN_IDENTITY[sdk=iphoneos*]" = "iPhone Developer";
				COPY_PHASE_STRIP = NO;
				DEBUG_INFORMATION_FORMAT = "dwarf-with-dsym";
				ENABLE_NS_ASSERTIONS = NO;
				ENABLE_STRICT_OBJC_MSGSEND = YES;
				GCC_C_LANGUAGE_STANDARD = gnu99;
				GCC_NO_COMMON_BLOCKS = YES;
				GCC_WARN_64_TO_32_BIT_CONVERSION = YES;
				GCC_WARN_ABOUT_RETURN_TYPE = YES_ERROR;
				GCC_WARN_UNDECLARED_SELECTOR = YES;
				GCC_WARN_UNINITIALIZED_AUTOS = YES_AGGRESSIVE;
				GCC_WARN_UNUSED_FUNCTION = YES;
				GCC_WARN_UNUSED_VARIABLE = YES;
				IPHONEOS_DEPLOYMENT_TARGET = 8.0;
				MTL_ENABLE_DEBUG_INFO = NO;
				SDKROOT = iphoneos;
				VALIDATE_PRODUCT = YES;
			};
			name = Release;
		};
		A96DA77E1C146D7200FC639B /* Debug */ = {
			isa = XCBuildConfiguration;
			buildSettings = {
				FRAMEWORK_SEARCH_PATHS = "$(PROJECT_DIR)/../../../ios/Pods/**";
				HEADER_SEARCH_PATHS = (
					"$(inherited)",
					"$(SRCROOT)/../../../node_modules/react-native/React/**",
				);
				OTHER_LDFLAGS = "-ObjC";
				PRODUCT_NAME = "$(TARGET_NAME)";
				SKIP_INSTALL = YES;
			};
			name = Debug;
		};
		A96DA77F1C146D7200FC639B /* Release */ = {
			isa = XCBuildConfiguration;
			buildSettings = {
				FRAMEWORK_SEARCH_PATHS = "$(PROJECT_DIR)/../../../ios/Pods/**";
				HEADER_SEARCH_PATHS = (
					"$(inherited)",
					"$(SRCROOT)/../../../node_modules/react-native/React/**",
				);
				OTHER_LDFLAGS = "-ObjC";
				PRODUCT_NAME = "$(TARGET_NAME)";
				SKIP_INSTALL = YES;
			};
			name = Release;
		};
/* End XCBuildConfiguration section */

/* Begin XCConfigurationList section */
		A96DA76F1C146D7200FC639B /* Build configuration list for PBXProject "RNAdMobManager" */ = {
			isa = XCConfigurationList;
			buildConfigurations = (
				A96DA77B1C146D7200FC639B /* Debug */,
				A96DA77C1C146D7200FC639B /* Release */,
			);
			defaultConfigurationIsVisible = 0;
			defaultConfigurationName = Release;
		};
		A96DA77D1C146D7200FC639B /* Build configuration list for PBXNativeTarget "RNAdMobManager" */ = {
			isa = XCConfigurationList;
			buildConfigurations = (
				A96DA77E1C146D7200FC639B /* Debug */,
				A96DA77F1C146D7200FC639B /* Release */,
			);
			defaultConfigurationIsVisible = 0;
			defaultConfigurationName = Release;
		};
/* End XCConfigurationList section */
	};
	rootObject = A96DA76C1C146D7200FC639B /* Project object */;
}
